
Microsoft Visual Studio Solution File, Format Version 12.00
# Visual Studio Version 17
VisualStudioVersion = 17.3.32819.101
MinimumVisualStudioVersion = 10.0.40219.1
Project("{9A19103F-16F7-4668-BE54-9A1E7A4F7556}") = "LibraryBondarenko", "LibraryBondarenko.csproj", "{CAB08AD0-AB11-471E-A106-5D4E90B43D9D}"
EndProject
Project("{9A19103F-16F7-4668-BE54-9A1E7A4F7556}") = "MyTests", "..\myTestBondarenko\MyTests.csproj", "{BDE5592B-9D46-4A8D-8395-F570D6C5B20E}"
EndProject
Global
	GlobalSection(SolutionConfigurationPlatforms) = preSolution
		Debug|Any CPU = Debug|Any CPU
		Release|Any CPU = Release|Any CPU
	EndGlobalSection
	GlobalSection(ProjectConfigurationPlatforms) = postSolution
		{CAB08AD0-AB11-471E-A106-5D4E90B43D9D}.Debug|Any CPU.ActiveCfg = Debug|Any CPU
		{CAB08AD0-AB11-471E-A106-5D4E90B43D9D}.Debug|Any CPU.Build.0 = Debug|Any CPU
		{CAB08AD0-AB11-471E-A106-5D4E90B43D9D}.Release|Any CPU.ActiveCfg = Release|Any CPU
		{CAB08AD0-AB11-471E-A106-5D4E90B43D9D}.Release|Any CPU.Build.0 = Release|Any CPU
		{BDE5592B-9D46-4A8D-8395-F570D6C5B20E}.Debug|Any CPU.ActiveCfg = Debug|Any CPU
		{BDE5592B-9D46-4A8D-8395-F570D6C5B20E}.Debug|Any CPU.Build.0 = Debug|Any CPU
		{BDE5592B-9D46-4A8D-8395-F570D6C5B20E}.Release|Any CPU.ActiveCfg = Release|Any CPU
		{BDE5592B-9D46-4A8D-8395-F570D6C5B20E}.Release|Any CPU.Build.0 = Release|Any CPU
	EndGlobalSection
	GlobalSection(SolutionProperties) = preSolution
		HideSolutionNode = FALSE
	EndGlobalSection
	GlobalSection(ExtensibilityGlobals) = postSolution
		SolutionGuid = {777D8D62-F9E0-4131-8730-E4586F550B1B}
	EndGlobalSection
EndGlobal
